PODS:
  - hxionganTestFramework (1.0.2):
    - hxionganTestFramework/Normal (= 1.0.2)
  - hxionganTestFramework/Normal (1.0.2)

DEPENDENCIES:
  - hxionganTestFramework (from `../`)

EXTERNAL SOURCES:
  hxionganTestFramework:
    :path: "../"

SPEC CHECKSUMS:
  hxionganTestFramework: 12a64e8939b8d16f9413c79831cce460ef10c360

PODFILE CHECKSUM: 400c1a50cfc50f3f82f266b6593878b74348aa61

COCOAPODS: 1.5.3
