PODS:
  - hxionganTestFramework (1.0.1):
    - hxionganTestFramework/Normal (= 1.0.1)
  - hxionganTestFramework/Normal (1.0.1)

DEPENDENCIES:
  - hxionganTestFramework (from `../`)

EXTERNAL SOURCES:
  hxionganTestFramework:
    :path: "../"

SPEC CHECKSUMS:
  hxionganTestFramework: a6dcde4393da2391594b1644dc671fa3e6160d1a

PODFILE CHECKSUM: 400c1a50cfc50f3f82f266b6593878b74348aa61

COCOAPODS: 1.5.3
